// !$*UTF8*$!
{
	archiveVersion = 1;
	classes = {
	};
	objectVersion = 56;
	objects = {

/* Begin PBXBuildFile section */
		21E6B5402CC435F1002D7E18 /* bitlingProjectApp.swift in Sources */ = {isa = PBXBuildFile; fileRef = 21E6B53F2CC435F1002D7E18 /* bitlingProjectApp.swift */; };
		21E6B5422CC435F1002D7E18 /* ContentView.swift in Sources */ = {isa = PBXBuildFile; fileRef = 21E6B5412CC435F1002D7E18 /* ContentView.swift */; };
		21E6B5442CC435F2002D7E18 /* Assets.xcassets in Resources */ = {isa = PBXBuildFile; fileRef = 21E6B5432CC435F2002D7E18 /* Assets.xcassets */; };
		21E6B5472CC435F2002D7E18 /* Preview Assets.xcassets in Resources */ = {isa = PBXBuildFile; fileRef = 21E6B5462CC435F2002D7E18 /* Preview Assets.xcassets */; };
		21E6B5512CC435F2002D7E18 /* bitlingProjectTests.swift in Sources */ = {isa = PBXBuildFile; fileRef = 21E6B5502CC435F2002D7E18 /* bitlingProjectTests.swift */; };
		21E6B55B2CC435F3002D7E18 /* bitlingProjectUITests.swift in Sources */ = {isa = PBXBuildFile; fileRef = 21E6B55A2CC435F3002D7E18 /* bitlingProjectUITests.swift */; };
		21E6B55D2CC435F3002D7E18 /* bitlingProjectUITestsLaunchTests.swift in Sources */ = {isa = PBXBuildFile; fileRef = 21E6B55C2CC435F3002D7E18 /* bitlingProjectUITestsLaunchTests.swift */; };
		A72948152CD87F1900C06F7F /* LogoView.swift in Sources */ = {isa = PBXBuildFile; fileRef = A72948142CD87F1900C06F7F /* LogoView.swift */; };
		A72948172CD87F6900C06F7F /* app_icon.png in Resources */ = {isa = PBXBuildFile; fileRef = A72948162CD87F6900C06F7F /* app_icon.png */; };
		A72948192CD8808C00C06F7F /* uhlogo.png in Resources */ = {isa = PBXBuildFile; fileRef = A72948182CD8808C00C06F7F /* uhlogo.png */; };
		A729481B2CD880D400C06F7F /* ScreenView.swift in Sources */ = {isa = PBXBuildFile; fileRef = A729481A2CD880D400C06F7F /* ScreenView.swift */; };
		A729481D2CD8813800C06F7F /* DashView.swift in Sources */ = {isa = PBXBuildFile; fileRef = A729481C2CD8813800C06F7F /* DashView.swift */; };
		A729481F2CD8816000C06F7F /* MapView.swift in Sources */ = {isa = PBXBuildFile; fileRef = A729481E2CD8816000C06F7F /* MapView.swift */; };
		A72948212CD8817D00C06F7F /* TrailsView.swift in Sources */ = {isa = PBXBuildFile; fileRef = A72948202CD8817D00C06F7F /* TrailsView.swift */; };
		A72948232CD8818F00C06F7F /* SettingsView.swift in Sources */ = {isa = PBXBuildFile; fileRef = A72948222CD8818F00C06F7F /* SettingsView.swift */; };
/* End PBXBuildFile section */

/* Begin PBXContainerItemProxy section */
		21E6B54D2CC435F2002D7E18 /* PBXContainerItemProxy */ = {
			isa = PBXContainerItemProxy;
			containerPortal = 21E6B5342CC435F1002D7E18 /* Project object */;
			proxyType = 1;
			remoteGlobalIDString = 21E6B53B2CC435F1002D7E18;
			remoteInfo = bitlingProject;
		};
		21E6B5572CC435F3002D7E18 /* PBXContainerItemProxy */ = {
			isa = PBXContainerItemProxy;
			containerPortal = 21E6B5342CC435F1002D7E18 /* Project object */;
			proxyType = 1;
			remoteGlobalIDString = 21E6B53B2CC435F1002D7E18;
			remoteInfo = bitlingProject;
		};
/* End PBXContainerItemProxy section */

/* Begin PBXFileReference section */
		21E6B53C2CC435F1002D7E18 /* bitlingProject.app */ = {isa = PBXFileReference; explicitFileType = wrapper.application; includeInIndex = 0; path = bitlingProject.app; sourceTree = BUILT_PRODUCTS_DIR; };
		21E6B53F2CC435F1002D7E18 /* bitlingProjectApp.swift */ = {isa = PBXFileReference; lastKnownFileType = sourcecode.swift; path = bitlingProjectApp.swift; sourceTree = "<group>"; };
		21E6B5412CC435F1002D7E18 /* ContentView.swift */ = {isa = PBXFileReference; lastKnownFileType = sourcecode.swift; path = ContentView.swift; sourceTree = "<group>"; };
		21E6B5432CC435F2002D7E18 /* Assets.xcassets */ = {isa = PBXFileReference; lastKnownFileType = folder.assetcatalog; path = Assets.xcassets; sourceTree = "<group>"; };
		21E6B5462CC435F2002D7E18 /* Preview Assets.xcassets */ = {isa = PBXFileReference; lastKnownFileType = folder.assetcatalog; path = "Preview Assets.xcassets"; sourceTree = "<group>"; };
		21E6B54C2CC435F2002D7E18 /* bitlingProjectTests.xctest */ = {isa = PBXFileReference; explicitFileType = wrapper.cfbundle; includeInIndex = 0; path = bitlingProjectTests.xctest; sourceTree = BUILT_PRODUCTS_DIR; };
		21E6B5502CC435F2002D7E18 /* bitlingProjectTests.swift */ = {isa = PBXFileReference; lastKnownFileType = sourcecode.swift; path = bitlingProjectTests.swift; sourceTree = "<group>"; };
		21E6B5562CC435F3002D7E18 /* bitlingProjectUITests.xctest */ = {isa = PBXFileReference; explicitFileType = wrapper.cfbundle; includeInIndex = 0; path = bitlingProjectUITests.xctest; sourceTree = BUILT_PRODUCTS_DIR; };
		21E6B55A2CC435F3002D7E18 /* bitlingProjectUITests.swift */ = {isa = PBXFileReference; lastKnownFileType = sourcecode.swift; path = bitlingProjectUITests.swift; sourceTree = "<group>"; };
		21E6B55C2CC435F3002D7E18 /* bitlingProjectUITestsLaunchTests.swift */ = {isa = PBXFileReference; lastKnownFileType = sourcecode.swift; path = bitlingProjectUITestsLaunchTests.swift; sourceTree = "<group>"; };
		A72948142CD87F1900C06F7F /* LogoView.swift */ = {isa = PBXFileReference; lastKnownFileType = sourcecode.swift; path = LogoView.swift; sourceTree = "<group>"; };
		A72948162CD87F6900C06F7F /* app_icon.png */ = {isa = PBXFileReference; lastKnownFileType = image.png; path = app_icon.png; sourceTree = "<group>"; };
		A72948182CD8808C00C06F7F /* uhlogo.png */ = {isa = PBXFileReference; lastKnownFileType = image.png; path = uhlogo.png; sourceTree = "<group>"; };
		A729481A2CD880D400C06F7F /* ScreenView.swift */ = {isa = PBXFileReference; lastKnownFileType = sourcecode.swift; path = ScreenView.swift; sourceTree = "<group>"; };
		A729481C2CD8813800C06F7F /* DashView.swift */ = {isa = PBXFileReference; lastKnownFileType = sourcecode.swift; path = DashView.swift; sourceTree = "<group>"; };
		A729481E2CD8816000C06F7F /* MapView.swift */ = {isa = PBXFileReference; lastKnownFileType = sourcecode.swift; path = MapView.swift; sourceTree = "<group>"; };
		A72948202CD8817D00C06F7F /* TrailsView.swift */ = {isa = PBXFileReference; lastKnownFileType = sourcecode.swift; path = TrailsView.swift; sourceTree = "<group>"; };
		A72948222CD8818F00C06F7F /* SettingsView.swift */ = {isa = PBXFileReference; lastKnownFileType = sourcecode.swift; path = SettingsView.swift; sourceTree = "<group>"; };
/* End PBXFileReference section */

/* Begin PBXFrameworksBuildPhase section */
		21E6B5392CC435F1002D7E18 /* Frameworks */ = {
			isa = PBXFrameworksBuildPhase;
			buildActionMask = 2147483647;
			files = (
			);
			runOnlyForDeploymentPostprocessing = 0;
		};
		21E6B5492CC435F2002D7E18 /* Frameworks */ = {
			isa = PBXFrameworksBuildPhase;
			buildActionMask = 2147483647;
			files = (
			);
			runOnlyForDeploymentPostprocessing = 0;
		};
		21E6B5532CC435F3002D7E18 /* Frameworks */ = {
			isa = PBXFrameworksBuildPhase;
			buildActionMask = 2147483647;
			files = (
			);
			runOnlyForDeploymentPostprocessing = 0;
		};
/* End PBXFrameworksBuildPhase section */

/* Begin PBXGroup section */
		21E6B5332CC435F1002D7E18 = {
			isa = PBXGroup;
			children = (
				21E6B53E2CC435F1002D7E18 /* bitlingProject */,
				21E6B54F2CC435F2002D7E18 /* bitlingProjectTests */,
				21E6B5592CC435F3002D7E18 /* bitlingProjectUITests */,
				21E6B53D2CC435F1002D7E18 /* Products */,
			);
			sourceTree = "<group>";
		};
		21E6B53D2CC435F1002D7E18 /* Products */ = {
			isa = PBXGroup;
			children = (
				21E6B53C2CC435F1002D7E18 /* bitlingProject.app */,
				21E6B54C2CC435F2002D7E18 /* bitlingProjectTests.xctest */,
				21E6B5562CC435F3002D7E18 /* bitlingProjectUITests.xctest */,
			);
			name = Products;
			sourceTree = "<group>";
		};
		21E6B53E2CC435F1002D7E18 /* bitlingProject */ = {
			isa = PBXGroup;
			children = (
				21E6B53F2CC435F1002D7E18 /* bitlingProjectApp.swift */,
				21E6B5412CC435F1002D7E18 /* ContentView.swift */,
				A729481A2CD880D400C06F7F /* ScreenView.swift */,
				A72948142CD87F1900C06F7F /* LogoView.swift */,
				A729481C2CD8813800C06F7F /* DashView.swift */,
				A729481E2CD8816000C06F7F /* MapView.swift */,
				A72948202CD8817D00C06F7F /* TrailsView.swift */,
				A72948222CD8818F00C06F7F /* SettingsView.swift */,
				21E6B5432CC435F2002D7E18 /* Assets.xcassets */,
				A72948182CD8808C00C06F7F /* uhlogo.png */,
				A72948162CD87F6900C06F7F /* app_icon.png */,
				21E6B5452CC435F2002D7E18 /* Preview Content */,
			);
			path = bitlingProject;
			sourceTree = "<group>";
		};
		21E6B5452CC435F2002D7E18 /* Preview Content */ = {
			isa = PBXGroup;
			children = (
				21E6B5462CC435F2002D7E18 /* Preview Assets.xcassets */,
			);
			path = "Preview Content";
			sourceTree = "<group>";
		};
		21E6B54F2CC435F2002D7E18 /* bitlingProjectTests */ = {
			isa = PBXGroup;
			children = (
				21E6B5502CC435F2002D7E18 /* bitlingProjectTests.swift */,
			);
			path = bitlingProjectTests;
			sourceTree = "<group>";
		};
		21E6B5592CC435F3002D7E18 /* bitlingProjectUITests */ = {
			isa = PBXGroup;
			children = (
				21E6B55A2CC435F3002D7E18 /* bitlingProjectUITests.swift */,
				21E6B55C2CC435F3002D7E18 /* bitlingProjectUITestsLaunchTests.swift */,
			);
			path = bitlingProjectUITests;
			sourceTree = "<group>";
		};
/* End PBXGroup section */

/* Begin PBXNativeTarget section */
		21E6B53B2CC435F1002D7E18 /* bitlingProject */ = {
			isa = PBXNativeTarget;
			buildConfigurationList = 21E6B5602CC435F3002D7E18 /* Build configuration list for PBXNativeTarget "bitlingProject" */;
			buildPhases = (
				21E6B5382CC435F1002D7E18 /* Sources */,
				21E6B5392CC435F1002D7E18 /* Frameworks */,
				21E6B53A2CC435F1002D7E18 /* Resources */,
			);
			buildRules = (
			);
			dependencies = (
			);
			name = bitlingProject;
			productName = bitlingProject;
			productReference = 21E6B53C2CC435F1002D7E18 /* bitlingProject.app */;
			productType = "com.apple.product-type.application";
		};
		21E6B54B2CC435F2002D7E18 /* bitlingProjectTests */ = {
			isa = PBXNativeTarget;
			buildConfigurationList = 21E6B5632CC435F3002D7E18 /* Build configuration list for PBXNativeTarget "bitlingProjectTests" */;
			buildPhases = (
				21E6B5482CC435F2002D7E18 /* Sources */,
				21E6B5492CC435F2002D7E18 /* Frameworks */,
				21E6B54A2CC435F2002D7E18 /* Resources */,
			);
			buildRules = (
			);
			dependencies = (
				21E6B54E2CC435F2002D7E18 /* PBXTargetDependency */,
			);
			name = bitlingProjectTests;
			productName = bitlingProjectTests;
			productReference = 21E6B54C2CC435F2002D7E18 /* bitlingProjectTests.xctest */;
			productType = "com.apple.product-type.bundle.unit-test";
		};
		21E6B5552CC435F3002D7E18 /* bitlingProjectUITests */ = {
			isa = PBXNativeTarget;
			buildConfigurationList = 21E6B5662CC435F3002D7E18 /* Build configuration list for PBXNativeTarget "bitlingProjectUITests" */;
			buildPhases = (
				21E6B5522CC435F3002D7E18 /* Sources */,
				21E6B5532CC435F3002D7E18 /* Frameworks */,
				21E6B5542CC435F3002D7E18 /* Resources */,
			);
			buildRules = (
			);
			dependencies = (
				21E6B5582CC435F3002D7E18 /* PBXTargetDependency */,
			);
			name = bitlingProjectUITests;
			productName = bitlingProjectUITests;
			productReference = 21E6B5562CC435F3002D7E18 /* bitlingProjectUITests.xctest */;
			productType = "com.apple.product-type.bundle.ui-testing";
		};
/* End PBXNativeTarget section */

/* Begin PBXProject section */
		21E6B5342CC435F1002D7E18 /* Project object */ = {
			isa = PBXProject;
			attributes = {
				BuildIndependentTargetsInParallel = 1;
				LastSwiftUpdateCheck = 1540;
				LastUpgradeCheck = 1540;
				TargetAttributes = {
					21E6B53B2CC435F1002D7E18 = {
						CreatedOnToolsVersion = 15.4;
					};
					21E6B54B2CC435F2002D7E18 = {
						CreatedOnToolsVersion = 15.4;
						TestTargetID = 21E6B53B2CC435F1002D7E18;
					};
					21E6B5552CC435F3002D7E18 = {
						CreatedOnToolsVersion = 15.4;
						TestTargetID = 21E6B53B2CC435F1002D7E18;
					};
				};
			};
			buildConfigurationList = 21E6B5372CC435F1002D7E18 /* Build configuration list for PBXProject "bitlingProject" */;
			compatibilityVersion = "Xcode 14.0";
			developmentRegion = en;
			hasScannedForEncodings = 0;
			knownRegions = (
				en,
				Base,
			);
			mainGroup = 21E6B5332CC435F1002D7E18;
			productRefGroup = 21E6B53D2CC435F1002D7E18 /* Products */;
			projectDirPath = "";
			projectRoot = "";
			targets = (
				21E6B53B2CC435F1002D7E18 /* bitlingProject */,
				21E6B54B2CC435F2002D7E18 /* bitlingProjectTests */,
				21E6B5552CC435F3002D7E18 /* bitlingProjectUITests */,
			);
		};
/* End PBXProject section */

/* Begin PBXResourcesBuildPhase section */
		21E6B53A2CC435F1002D7E18 /* Resources */ = {
			isa = PBXResourcesBuildPhase;
			buildActionMask = 2147483647;
			files = (
				A72948172CD87F6900C06F7F /* app_icon.png in Resources */,
				21E6B5472CC435F2002D7E18 /* Preview Assets.xcassets in Resources */,
				21E6B5442CC435F2002D7E18 /* Assets.xcassets in Resources */,
				A72948192CD8808C00C06F7F /* uhlogo.png in Resources */,
			);
			runOnlyForDeploymentPostprocessing = 0;
		};
		21E6B54A2CC435F2002D7E18 /* Resources */ = {
			isa = PBXResourcesBuildPhase;
			buildActionMask = 2147483647;
			files = (
			);
			runOnlyForDeploymentPostprocessing = 0;
		};
		21E6B5542CC435F3002D7E18 /* Resources */ = {
			isa = PBXResourcesBuildPhase;
			buildActionMask = 2147483647;
			files = (
			);
			runOnlyForDeploymentPostprocessing = 0;
		};
/* End PBXResourcesBuildPhase section */

/* Begin PBXSourcesBuildPhase section */
		21E6B5382CC435F1002D7E18 /* Sources */ = {
			isa = PBXSourcesBuildPhase;
			buildActionMask = 2147483647;
			files = (
				A729481D2CD8813800C06F7F /* DashView.swift in Sources */,
				A72948232CD8818F00C06F7F /* SettingsView.swift in Sources */,
				A729481F2CD8816000C06F7F /* MapView.swift in Sources */,
				21E6B5422CC435F1002D7E18 /* ContentView.swift in Sources */,
				A72948212CD8817D00C06F7F /* TrailsView.swift in Sources */,
				A72948152CD87F1900C06F7F /* LogoView.swift in Sources */,
				A729481B2CD880D400C06F7F /* ScreenView.swift in Sources */,
				21E6B5402CC435F1002D7E18 /* bitlingProjectApp.swift in Sources */,
			);
			runOnlyForDeploymentPostprocessing = 0;
		};
		21E6B5482CC435F2002D7E18 /* Sources */ = {
			isa = PBXSourcesBuildPhase;
			buildActionMask = 2147483647;
			files = (
				21E6B5512CC435F2002D7E18 /* bitlingProjectTests.swift in Sources */,
			);
			runOnlyForDeploymentPostprocessing = 0;
		};
		21E6B5522CC435F3002D7E18 /* Sources */ = {
			isa = PBXSourcesBuildPhase;
			buildActionMask = 2147483647;
			files = (
				21E6B55D2CC435F3002D7E18 /* bitlingProjectUITestsLaunchTests.swift in Sources */,
				21E6B55B2CC435F3002D7E18 /* bitlingProjectUITests.swift in Sources */,
			);
			runOnlyForDeploymentPostprocessing = 0;
		};
/* End PBXSourcesBuildPhase section */

/* Begin PBXTargetDependency section */
		21E6B54E2CC435F2002D7E18 /* PBXTargetDependency */ = {
			isa = PBXTargetDependency;
			target = 21E6B53B2CC435F1002D7E18 /* bitlingProject */;
			targetProxy = 21E6B54D2CC435F2002D7E18 /* PBXContainerItemProxy */;
		};
		21E6B5582CC435F3002D7E18 /* PBXTargetDependency */ = {
			isa = PBXTargetDependency;
			target = 21E6B53B2CC435F1002D7E18 /* bitlingProject */;
			targetProxy = 21E6B5572CC435F3002D7E18 /* PBXContainerItemProxy */;
		};
/* End PBXTargetDependency section */

/* Begin XCBuildConfiguration section */
		21E6B55E2CC435F3002D7E18 /* Debug */ = {
			isa = XCBuildConfiguration;
			buildSettings = {
				ALWAYS_SEARCH_USER_PATHS = NO;
				ASSETCATALOG_COMPILER_GENERATE_SWIFT_ASSET_SYMBOL_EXTENSIONS = YES;
				CLANG_ANALYZER_NONNULL = YES;
				CLANG_ANALYZER_NUMBER_OBJECT_CONVERSION = YES_AGGRESSIVE;
				CLANG_CXX_LANGUAGE_STANDARD = "gnu++20";
				CLANG_ENABLE_MODULES = YES;
				CLANG_ENABLE_OBJC_ARC = YES;
				CLANG_ENABLE_OBJC_WEAK = YES;
				CLANG_WARN_BLOCK_CAPTURE_AUTORELEASING = YES;
				CLANG_WARN_BOOL_CONVERSION = YES;
				CLANG_WARN_COMMA = YES;
				CLANG_WARN_CONSTANT_CONVERSION = YES;
				CLANG_WARN_DEPRECATED_OBJC_IMPLEMENTATIONS = YES;
				CLANG_WARN_DIRECT_OBJC_ISA_USAGE = YES_ERROR;
				CLANG_WARN_DOCUMENTATION_COMMENTS = YES;
				CLANG_WARN_EMPTY_BODY = YES;
				CLANG_WARN_ENUM_CONVERSION = YES;
				CLANG_WARN_INFINITE_RECURSION = YES;
				CLANG_WARN_INT_CONVERSION = YES;
				CLANG_WARN_NON_LITERAL_NULL_CONVERSION = YES;
				CLANG_WARN_OBJC_IMPLICIT_RETAIN_SELF = YES;
				CLANG_WARN_OBJC_LITERAL_CONVERSION = YES;
				CLANG_WARN_OBJC_ROOT_CLASS = YES_ERROR;
				CLANG_WARN_QUOTED_INCLUDE_IN_FRAMEWORK_HEADER = YES;
				CLANG_WARN_RANGE_LOOP_ANALYSIS = YES;
				CLANG_WARN_STRICT_PROTOTYPES = YES;
				CLANG_WARN_SUSPICIOUS_MOVE = YES;
				CLANG_WARN_UNGUARDED_AVAILABILITY = YES_AGGRESSIVE;
				CLANG_WARN_UNREACHABLE_CODE = YES;
				CLANG_WARN__DUPLICATE_METHOD_MATCH = YES;
				COPY_PHASE_STRIP = NO;
				DEBUG_INFORMATION_FORMAT = dwarf;
				ENABLE_STRICT_OBJC_MSGSEND = YES;
				ENABLE_TESTABILITY = YES;
				ENABLE_USER_SCRIPT_SANDBOXING = YES;
				GCC_C_LANGUAGE_STANDARD = gnu17;
				GCC_DYNAMIC_NO_PIC = NO;
				GCC_NO_COMMON_BLOCKS = YES;
				GCC_OPTIMIZATION_LEVEL = 0;
				GCC_PREPROCESSOR_DEFINITIONS = (
					"DEBUG=1",
					"$(inherited)",
				);
				GCC_WARN_64_TO_32_BIT_CONVERSION = YES;
				GCC_WARN_ABOUT_RETURN_TYPE = YES_ERROR;
				GCC_WARN_UNDECLARED_SELECTOR = YES;
				GCC_WARN_UNINITIALIZED_AUTOS = YES_AGGRESSIVE;
				GCC_WARN_UNUSED_FUNCTION = YES;
				GCC_WARN_UNUSED_VARIABLE = YES;
				IPHONEOS_DEPLOYMENT_TARGET = 17.5;
				LOCALIZATION_PREFERS_STRING_CATALOGS = YES;
				MTL_ENABLE_DEBUG_INFO = INCLUDE_SOURCE;
				MTL_FAST_MATH = YES;
				ONLY_ACTIVE_ARCH = YES;
				SDKROOT = iphoneos;
				SWIFT_ACTIVE_COMPILATION_CONDITIONS = "DEBUG $(inherited)";
				SWIFT_OPTIMIZATION_LEVEL = "-Onone";
			};
			name = Debug;
		};
		21E6B55F2CC435F3002D7E18 /* Release */ = {
			isa = XCBuildConfiguration;
			buildSettings = {
				ALWAYS_SEARCH_USER_PATHS = NO;
				ASSETCATALOG_COMPILER_GENERATE_SWIFT_ASSET_SYMBOL_EXTENSIONS = YES;
				CLANG_ANALYZER_NONNULL = YES;
				CLANG_ANALYZER_NUMBER_OBJECT_CONVERSION = YES_AGGRESSIVE;
				CLANG_CXX_LANGUAGE_STANDARD = "gnu++20";
				CLANG_ENABLE_MODULES = YES;
				CLANG_ENABLE_OBJC_ARC = YES;
				CLANG_ENABLE_OBJC_WEAK = YES;
				CLANG_WARN_BLOCK_CAPTURE_AUTORELEASING = YES;
				CLANG_WARN_BOOL_CONVERSION = YES;
				CLANG_WARN_COMMA = YES;
				CLANG_WARN_CONSTANT_CONVERSION = YES;
				CLANG_WARN_DEPRECATED_OBJC_IMPLEMENTATIONS = YES;
				CLANG_WARN_DIRECT_OBJC_ISA_USAGE = YES_ERROR;
				CLANG_WARN_DOCUMENTATION_COMMENTS = YES;
				CLANG_WARN_EMPTY_BODY = YES;
				CLANG_WARN_ENUM_CONVERSION = YES;
				CLANG_WARN_INFINITE_RECURSION = YES;
				CLANG_WARN_INT_CONVERSION = YES;
				CLANG_WARN_NON_LITERAL_NULL_CONVERSION = YES;
				CLANG_WARN_OBJC_IMPLICIT_RETAIN_SELF = YES;
				CLANG_WARN_OBJC_LITERAL_CONVERSION = YES;
				CLANG_WARN_OBJC_ROOT_CLASS = YES_ERROR;
				CLANG_WARN_QUOTED_INCLUDE_IN_FRAMEWORK_HEADER = YES;
				CLANG_WARN_RANGE_LOOP_ANALYSIS = YES;
				CLANG_WARN_STRICT_PROTOTYPES = YES;
				CLANG_WARN_SUSPICIOUS_MOVE = YES;
				CLANG_WARN_UNGUARDED_AVAILABILITY = YES_AGGRESSIVE;
				CLANG_WARN_UNREACHABLE_CODE = YES;
				CLANG_WARN__DUPLICATE_METHOD_MATCH = YES;
				COPY_PHASE_STRIP = NO;
				DEBUG_INFORMATION_FORMAT = "dwarf-with-dsym";
				ENABLE_NS_ASSERTIONS = NO;
				ENABLE_STRICT_OBJC_MSGSEND = YES;
				ENABLE_USER_SCRIPT_SANDBOXING = YES;
				GCC_C_LANGUAGE_STANDARD = gnu17;
				GCC_NO_COMMON_BLOCKS = YES;
				GCC_WARN_64_TO_32_BIT_CONVERSION = YES;
				GCC_WARN_ABOUT_RETURN_TYPE = YES_ERROR;
				GCC_WARN_UNDECLARED_SELECTOR = YES;
				GCC_WARN_UNINITIALIZED_AUTOS = YES_AGGRESSIVE;
				GCC_WARN_UNUSED_FUNCTION = YES;
				GCC_WARN_UNUSED_VARIABLE = YES;
				IPHONEOS_DEPLOYMENT_TARGET = 17.5;
				LOCALIZATION_PREFERS_STRING_CATALOGS = YES;
				MTL_ENABLE_DEBUG_INFO = NO;
				MTL_FAST_MATH = YES;
				SDKROOT = iphoneos;
				SWIFT_COMPILATION_MODE = wholemodule;
				VALIDATE_PRODUCT = YES;
			};
			name = Release;
		};
		21E6B5612CC435F3002D7E18 /* Debug */ = {
			isa = XCBuildConfiguration;
			buildSettings = {
				ASSETCATALOG_COMPILER_APPICON_NAME = AppIcon;
				ASSETCATALOG_COMPILER_GLOBAL_ACCENT_COLOR_NAME = AccentColor;
				CODE_SIGN_STYLE = Automatic;
				CURRENT_PROJECT_VERSION = 1;
				DEVELOPMENT_ASSET_PATHS = "\"bitlingProject/Preview Content\"";
				ENABLE_PREVIEWS = YES;
				GENERATE_INFOPLIST_FILE = YES;
				INFOPLIST_KEY_NSLocationWhenInUseUsageDescription = "Need to know your location";
				INFOPLIST_KEY_UIApplicationSceneManifest_Generation = YES;
				INFOPLIST_KEY_UIApplicationSupportsIndirectInputEvents = YES;
				INFOPLIST_KEY_UILaunchScreen_Generation = YES;
				INFOPLIST_KEY_UISupportedInterfaceOrientations_iPad = "UIInterfaceOrientationPortrait UIInterfaceOrientationPortraitUpsideDown UIInterfaceOrientationLandscapeLeft UIInterfaceOrientationLandscapeRight";
				INFOPLIST_KEY_UISupportedInterfaceOrientations_iPhone = "UIInterfaceOrientationPortrait UIInterfaceOrientationLandscapeLeft UIInterfaceOrientationLandscapeRight";
				LD_RUNPATH_SEARCH_PATHS = (
					"$(inherited)",
					"@executable_path/Frameworks",
				);
				MARKETING_VERSION = 1.0;
				PRODUCT_BUNDLE_IDENTIFIER = bitlingparty.bitlingProject;
				PRODUCT_NAME = "$(TARGET_NAME)";
				SWIFT_EMIT_LOC_STRINGS = YES;
				SWIFT_VERSION = 5.0;
				TARGETED_DEVICE_FAMILY = "1,2";
			};
			name = Debug;
		};
		21E6B5622CC435F3002D7E18 /* Release */ = {
			isa = XCBuildConfiguration;
			buildSettings = {
				ASSETCATALOG_COMPILER_APPICON_NAME = AppIcon;
				ASSETCATALOG_COMPILER_GLOBAL_ACCENT_COLOR_NAME = AccentColor;
				CODE_SIGN_STYLE = Automatic;
				CURRENT_PROJECT_VERSION = 1;
				DEVELOPMENT_ASSET_PATHS = "\"bitlingProject/Preview Content\"";
				ENABLE_PREVIEWS = YES;
				GENERATE_INFOPLIST_FILE = YES;
				INFOPLIST_KEY_NSLocationWhenInUseUsageDescription = "Need to know your location";
				INFOPLIST_KEY_UIApplicationSceneManifest_Generation = YES;
				INFOPLIST_KEY_UIApplicationSupportsIndirectInputEvents = YES;
				INFOPLIST_KEY_UILaunchScreen_Generation = YES;
				INFOPLIST_KEY_UISupportedInterfaceOrientations_iPad = "UIInterfaceOrientationPortrait UIInterfaceOrientationPortraitUpsideDown UIInterfaceOrientationLandscapeLeft UIInterfaceOrientationLandscapeRight";
				INFOPLIST_KEY_UISupportedInterfaceOrientations_iPhone = "UIInterfaceOrientationPortrait UIInterfaceOrientationLandscapeLeft UIInterfaceOrientationLandscapeRight";
				LD_RUNPATH_SEARCH_PATHS = (
					"$(inherited)",
					"@executable_path/Frameworks",
				);
				MARKETING_VERSION = 1.0;
				PRODUCT_BUNDLE_IDENTIFIER = bitlingparty.bitlingProject;
				PRODUCT_NAME = "$(TARGET_NAME)";
				SWIFT_EMIT_LOC_STRINGS = YES;
				SWIFT_VERSION = 5.0;
				TARGETED_DEVICE_FAMILY = "1,2";
			};
			name = Release;
		};
		21E6B5642CC435F3002D7E18 /* Debug */ = {
			isa = XCBuildConfiguration;
			buildSettings = {
				ALWAYS_EMBED_SWIFT_STANDARD_LIBRARIES = YES;
				BUNDLE_LOADER = "$(TEST_HOST)";
				CODE_SIGN_STYLE = Automatic;
				CURRENT_PROJECT_VERSION = 1;
				GENERATE_INFOPLIST_FILE = YES;
				IPHONEOS_DEPLOYMENT_TARGET = 17.5;
				MARKETING_VERSION = 1.0;
				PRODUCT_BUNDLE_IDENTIFIER = bitlingparty.bitlingProjectTests;
				PRODUCT_NAME = "$(TARGET_NAME)";
				SWIFT_EMIT_LOC_STRINGS = NO;
				SWIFT_VERSION = 5.0;
				TARGETED_DEVICE_FAMILY = "1,2";
				TEST_HOST = "$(BUILT_PRODUCTS_DIR)/bitlingProject.app/$(BUNDLE_EXECUTABLE_FOLDER_PATH)/bitlingProject";
			};
			name = Debug;
		};
		21E6B5652CC435F3002D7E18 /* Release */ = {
			isa = XCBuildConfiguration;
			buildSettings = {
				ALWAYS_EMBED_SWIFT_STANDARD_LIBRARIES = YES;
				BUNDLE_LOADER = "$(TEST_HOST)";
				CODE_SIGN_STYLE = Automatic;
				CURRENT_PROJECT_VERSION = 1;
				GENERATE_INFOPLIST_FILE = YES;
				IPHONEOS_DEPLOYMENT_TARGET = 17.5;
				MARKETING_VERSION = 1.0;
				PRODUCT_BUNDLE_IDENTIFIER = bitlingparty.bitlingProjectTests;
				PRODUCT_NAME = "$(TARGET_NAME)";
				SWIFT_EMIT_LOC_STRINGS = NO;
				SWIFT_VERSION = 5.0;
				TARGETED_DEVICE_FAMILY = "1,2";
				TEST_HOST = "$(BUILT_PRODUCTS_DIR)/bitlingProject.app/$(BUNDLE_EXECUTABLE_FOLDER_PATH)/bitlingProject";
			};
			name = Release;
		};
		21E6B5672CC435F3002D7E18 /* Debug */ = {
			isa = XCBuildConfiguration;
			buildSettings = {
				ALWAYS_EMBED_SWIFT_STANDARD_LIBRARIES = YES;
				CODE_SIGN_STYLE = Automatic;
				CURRENT_PROJECT_VERSION = 1;
				GENERATE_INFOPLIST_FILE = YES;
				MARKETING_VERSION = 1.0;
				PRODUCT_BUNDLE_IDENTIFIER = bitlingparty.bitlingProjectUITests;
				PRODUCT_NAME = "$(TARGET_NAME)";
				SWIFT_EMIT_LOC_STRINGS = NO;
				SWIFT_VERSION = 5.0;
				TARGETED_DEVICE_FAMILY = "1,2";
				TEST_TARGET_NAME = bitlingProject;
			};
			name = Debug;
		};
		21E6B5682CC435F3002D7E18 /* Release */ = {
			isa = XCBuildConfiguration;
			buildSettings = {
				ALWAYS_EMBED_SWIFT_STANDARD_LIBRARIES = YES;
				CODE_SIGN_STYLE = Automatic;
				CURRENT_PROJECT_VERSION = 1;
				GENERATE_INFOPLIST_FILE = YES;
				MARKETING_VERSION = 1.0;
				PRODUCT_BUNDLE_IDENTIFIER = bitlingparty.bitlingProjectUITests;
				PRODUCT_NAME = "$(TARGET_NAME)";
				SWIFT_EMIT_LOC_STRINGS = NO;
				SWIFT_VERSION = 5.0;
				TARGETED_DEVICE_FAMILY = "1,2";
				TEST_TARGET_NAME = bitlingProject;
			};
			name = Release;
		};
/* End XCBuildConfiguration section */

/* Begin XCConfigurationList section */
		21E6B5372CC435F1002D7E18 /* Build configuration list for PBXProject "bitlingProject" */ = {
			isa = XCConfigurationList;
			buildConfigurations = (
				21E6B55E2CC435F3002D7E18 /* Debug */,
				21E6B55F2CC435F3002D7E18 /* Release */,
			);
			defaultConfigurationIsVisible = 0;
			defaultConfigurationName = Release;
		};
		21E6B5602CC435F3002D7E18 /* Build configuration list for PBXNativeTarget "bitlingProject" */ = {
			isa = XCConfigurationList;
			buildConfigurations = (
				21E6B5612CC435F3002D7E18 /* Debug */,
				21E6B5622CC435F3002D7E18 /* Release */,
			);
			defaultConfigurationIsVisible = 0;
			defaultConfigurationName = Release;
		};
		21E6B5632CC435F3002D7E18 /* Build configuration list for PBXNativeTarget "bitlingProjectTests" */ = {
			isa = XCConfigurationList;
			buildConfigurations = (
				21E6B5642CC435F3002D7E18 /* Debug */,
				21E6B5652CC435F3002D7E18 /* Release */,
			);
			defaultConfigurationIsVisible = 0;
			defaultConfigurationName = Release;
		};
		21E6B5662CC435F3002D7E18 /* Build configuration list for PBXNativeTarget "bitlingProjectUITests" */ = {
			isa = XCConfigurationList;
			buildConfigurations = (
				21E6B5672CC435F3002D7E18 /* Debug */,
				21E6B5682CC435F3002D7E18 /* Release */,
			);
			defaultConfigurationIsVisible = 0;
			defaultConfigurationName = Release;
		};
/* End XCConfigurationList section */
	};
	rootObject = 21E6B5342CC435F1002D7E18 /* Project object */;
}
